
Microsoft Visual Studio Solution File, Format Version 12.00
# Visual Studio Version 17
VisualStudioVersion = 17.1.32414.318
MinimumVisualStudioVersion = 10.0.40219.1
Project("{FAE04EC0-301F-11D3-BF4B-00C04F79EFBC}") = "VendaBoulevardAutoCentre", "VendaBoulevardAutoCentre\VendaBoulevardAutoCentre.csproj", "{B051EC8E-ABDE-4445-9E95-0091B6CE48AD}"
EndProject
Global
	GlobalSection(SolutionConfigurationPlatforms) = preSolution
		Debug|Any CPU = Debug|Any CPU
		Release|Any CPU = Release|Any CPU
	EndGlobalSection
	GlobalSection(ProjectConfigurationPlatforms) = postSolution
		{B051EC8E-ABDE-4445-9E95-0091B6CE48AD}.Debug|Any CPU.ActiveCfg = Debug|Any CPU
		{B051EC8E-ABDE-4445-9E95-0091B6CE48AD}.Debug|Any CPU.Build.0 = Debug|Any CPU
		{B051EC8E-ABDE-4445-9E95-0091B6CE48AD}.Release|Any CPU.ActiveCfg = Release|Any CPU
		{B051EC8E-ABDE-4445-9E95-0091B6CE48AD}.Release|Any CPU.Build.0 = Release|Any CPU
	EndGlobalSection
	GlobalSection(SolutionProperties) = preSolution
		HideSolutionNode = FALSE
	EndGlobalSection
	GlobalSection(ExtensibilityGlobals) = postSolution
		SolutionGuid = {3F753FAB-5EF0-450E-9010-058591666F53}
	EndGlobalSection
EndGlobal
